
Microsoft Visual Studio Solution File, Format Version 12.00
# Visual Studio Version 17
VisualStudioVersion = 17.12.35209.166
MinimumVisualStudioVersion = 10.0.40219.1
Project("{FAE04EC0-301F-11D3-BF4B-00C04F79EFBC}") = "MVVMFluent", "src\MVVMFluent\MVVMFluent.csproj", "{3070EEB8-6E12-49B0-8ACF-B9C28A7346D4}"
EndProject
Project("{FAE04EC0-301F-11D3-BF4B-00C04F79EFBC}") = "MVVMFluent.Tests", "src\MVVMFluent.Tests\MVVMFluent.Tests.csproj", "{FC09FBAC-54B2-4567-80B9-39CC77E5422D}"
EndProject
Project("{FAE04EC0-301F-11D3-BF4B-00C04F79EFBC}") = "MVVMFluent.Demo", "src\MVVMFluent.Demo\MVVMFluent.Demo.csproj", "{35CC3211-7645-412D-B37F-44264075E872}"
EndProject
Project("{2150E333-8FDC-42A3-9474-1A3956D46DE8}") = "Solution Items", "Solution Items", "{FF66E7A0-0A00-4184-98DB-0CDF3F5DD843}"
	ProjectSection(SolutionItems) = preProject
		README.md = README.md
	EndProjectSection
EndProject
Project("{FAE04EC0-301F-11D3-BF4B-00C04F79EFBC}") = "MVVMFluent.NugetDemo", "src\MVVMFluent.NugetDemo\MVVMFluent.NugetDemo.csproj", "{69E13BE0-C606-49C2-820A-AB0CF790FBEC}"
EndProject
Project("{FAE04EC0-301F-11D3-BF4B-00C04F79EFBC}") = "MVVMFluent.WPF", "src\MVVMFluent.WPF\MVVMFluent.WPF.csproj", "{0A93F026-2998-415B-944D-3228B0700A19}"
EndProject
Global
	GlobalSection(SolutionConfigurationPlatforms) = preSolution
		Debug|Any CPU = Debug|Any CPU
		Release|Any CPU = Release|Any CPU
	EndGlobalSection
	GlobalSection(ProjectConfigurationPlatforms) = postSolution
		{3070EEB8-6E12-49B0-8ACF-B9C28A7346D4}.Debug|Any CPU.ActiveCfg = Debug|Any CPU
		{3070EEB8-6E12-49B0-8ACF-B9C28A7346D4}.Debug|Any CPU.Build.0 = Debug|Any CPU
		{3070EEB8-6E12-49B0-8ACF-B9C28A7346D4}.Release|Any CPU.ActiveCfg = Release|Any CPU
		{3070EEB8-6E12-49B0-8ACF-B9C28A7346D4}.Release|Any CPU.Build.0 = Release|Any CPU
		{FC09FBAC-54B2-4567-80B9-39CC77E5422D}.Debug|Any CPU.ActiveCfg = Debug|Any CPU
		{FC09FBAC-54B2-4567-80B9-39CC77E5422D}.Debug|Any CPU.Build.0 = Debug|Any CPU
		{FC09FBAC-54B2-4567-80B9-39CC77E5422D}.Release|Any CPU.ActiveCfg = Release|Any CPU
		{FC09FBAC-54B2-4567-80B9-39CC77E5422D}.Release|Any CPU.Build.0 = Release|Any CPU
		{35CC3211-7645-412D-B37F-44264075E872}.Debug|Any CPU.ActiveCfg = Debug|Any CPU
		{35CC3211-7645-412D-B37F-44264075E872}.Debug|Any CPU.Build.0 = Debug|Any CPU
		{35CC3211-7645-412D-B37F-44264075E872}.Release|Any CPU.ActiveCfg = Release|Any CPU
		{35CC3211-7645-412D-B37F-44264075E872}.Release|Any CPU.Build.0 = Release|Any CPU
		{69E13BE0-C606-49C2-820A-AB0CF790FBEC}.Debug|Any CPU.ActiveCfg = Debug|Any CPU
		{69E13BE0-C606-49C2-820A-AB0CF790FBEC}.Debug|Any CPU.Build.0 = Debug|Any CPU
		{69E13BE0-C606-49C2-820A-AB0CF790FBEC}.Release|Any CPU.ActiveCfg = Release|Any CPU
		{69E13BE0-C606-49C2-820A-AB0CF790FBEC}.Release|Any CPU.Build.0 = Release|Any CPU
		{0A93F026-2998-415B-944D-3228B0700A19}.Debug|Any CPU.ActiveCfg = Debug|Any CPU
		{0A93F026-2998-415B-944D-3228B0700A19}.Debug|Any CPU.Build.0 = Debug|Any CPU
		{0A93F026-2998-415B-944D-3228B0700A19}.Release|Any CPU.ActiveCfg = Release|Any CPU
		{0A93F026-2998-415B-944D-3228B0700A19}.Release|Any CPU.Build.0 = Release|Any CPU
	EndGlobalSection
	GlobalSection(SolutionProperties) = preSolution
		HideSolutionNode = FALSE
	EndGlobalSection
	GlobalSection(ExtensibilityGlobals) = postSolution
		SolutionGuid = {0140A73B-37AC-4055-934A-9076B1A07301}
	EndGlobalSection
EndGlobal
